
Microsoft Visual Studio Solution File, Format Version 12.00
# Visual Studio 15
VisualStudioVersion = 15.0.27130.2036
MinimumVisualStudioVersion = 10.0.40219.1
Project("{FAE04EC0-301F-11D3-BF4B-00C04F79EFBC}") = "Master.Android", "Master\Master.Android\Master.Android.csproj", "{69E4FF78-C9B1-4F9D-94C2-79A217C85A55}"
EndProject
Project("{FAE04EC0-301F-11D3-BF4B-00C04F79EFBC}") = "Master.iOS", "Master\Master.iOS\Master.iOS.csproj", "{D33653FF-CC2F-4537-AC66-5D6AC2F00ADD}"
EndProject
Project("{FAE04EC0-301F-11D3-BF4B-00C04F79EFBC}") = "Master.UWP", "Master\Master.UWP\Master.UWP.csproj", "{14BBCDF6-38E7-4463-B0F4-A8470C0EE18A}"
EndProject
Project("{FAE04EC0-301F-11D3-BF4B-00C04F79EFBC}") = "Master", "Master\Master\Master.csproj", "{3C9A135C-4645-48A3-ADF2-17017E3E6BCF}"
EndProject
Global
	GlobalSection(SolutionConfigurationPlatforms) = preSolution
		Ad-Hoc|Any CPU = Ad-Hoc|Any CPU
		Ad-Hoc|ARM = Ad-Hoc|ARM
		Ad-Hoc|iPhone = Ad-Hoc|iPhone
		Ad-Hoc|iPhoneSimulator = Ad-Hoc|iPhoneSimulator
		Ad-Hoc|x64 = Ad-Hoc|x64
		Ad-Hoc|x86 = Ad-Hoc|x86
		AppStore|Any CPU = AppStore|Any CPU
		AppStore|ARM = AppStore|ARM
		AppStore|iPhone = AppStore|iPhone
		AppStore|iPhoneSimulator = AppStore|iPhoneSimulator
		AppStore|x64 = AppStore|x64
		AppStore|x86 = AppStore|x86
		Debug|Any CPU = Debug|Any CPU
		Debug|ARM = Debug|ARM
		Debug|iPhone = Debug|iPhone
		Debug|iPhoneSimulator = Debug|iPhoneSimulator
		Debug|x64 = Debug|x64
		Debug|x86 = Debug|x86
		Release|Any CPU = Release|Any CPU
		Release|ARM = Release|ARM
		Release|iPhone = Release|iPhone
		Release|iPhoneSimulator = Release|iPhoneSimulator
		Release|x64 = Release|x64
		Release|x86 = Release|x86
	EndGlobalSection
	GlobalSection(ProjectConfigurationPlatforms) = postSolution
		{69E4FF78-C9B1-4F9D-94C2-79A217C85A55}.Ad-Hoc|Any CPU.ActiveCfg = Release|Any CPU
		{69E4FF78-C9B1-4F9D-94C2-79A217C85A55}.Ad-Hoc|Any CPU.Build.0 = Release|Any CPU
		{69E4FF78-C9B1-4F9D-94C2-79A217C85A55}.Ad-Hoc|Any CPU.Deploy.0 = Release|Any CPU
		{69E4FF78-C9B1-4F9D-94C2-79A217C85A55}.Ad-Hoc|ARM.ActiveCfg = Release|Any CPU
		{69E4FF78-C9B1-4F9D-94C2-79A217C85A55}.Ad-Hoc|ARM.Build.0 = Release|Any CPU
		{69E4FF78-C9B1-4F9D-94C2-79A217C85A55}.Ad-Hoc|ARM.Deploy.0 = Release|Any CPU
		{69E4FF78-C9B1-4F9D-94C2-79A217C85A55}.Ad-Hoc|iPhone.ActiveCfg = Release|Any CPU
		{69E4FF78-C9B1-4F9D-94C2-79A217C85A55}.Ad-Hoc|iPhone.Build.0 = Release|Any CPU
		{69E4FF78-C9B1-4F9D-94C2-79A217C85A55}.Ad-Hoc|iPhone.Deploy.0 = Release|Any CPU
		{69E4FF78-C9B1-4F9D-94C2-79A217C85A55}.Ad-Hoc|iPhoneSimulator.ActiveCfg = Release|Any CPU
		{69E4FF78-C9B1-4F9D-94C2-79A217C85A55}.Ad-Hoc|iPhoneSimulator.Build.0 = Release|Any CPU
		{69E4FF78-C9B1-4F9D-94C2-79A217C85A55}.Ad-Hoc|iPhoneSimulator.Deploy.0 = Release|Any CPU
		{69E4FF78-C9B1-4F9D-94C2-79A217C85A55}.Ad-Hoc|x64.ActiveCfg = Release|Any CPU
		{69E4FF78-C9B1-4F9D-94C2-79A217C85A55}.Ad-Hoc|x64.Build.0 = Release|Any CPU
		{69E4FF78-C9B1-4F9D-94C2-79A217C85A55}.Ad-Hoc|x64.Deploy.0 = Release|Any CPU
		{69E4FF78-C9B1-4F9D-94C2-79A217C85A55}.Ad-Hoc|x86.ActiveCfg = Release|Any CPU
		{69E4FF78-C9B1-4F9D-94C2-79A217C85A55}.Ad-Hoc|x86.Build.0 = Release|Any CPU
		{69E4FF78-C9B1-4F9D-94C2-79A217C85A55}.Ad-Hoc|x86.Deploy.0 = Release|Any CPU
		{69E4FF78-C9B1-4F9D-94C2-79A217C85A55}.AppStore|Any CPU.ActiveCfg = Release|Any CPU
		{69E4FF78-C9B1-4F9D-94C2-79A217C85A55}.AppStore|Any CPU.Build.0 = Release|Any CPU
		{69E4FF78-C9B1-4F9D-94C2-79A217C85A55}.AppStore|Any CPU.Deploy.0 = Release|Any CPU
		{69E4FF78-C9B1-4F9D-94C2-79A217C85A55}.AppStore|ARM.ActiveCfg = Release|Any CPU
		{69E4FF78-C9B1-4F9D-94C2-79A217C85A55}.AppStore|ARM.Build.0 = Release|Any CPU
		{69E4FF78-C9B1-4F9D-94C2-79A217C85A55}.AppStore|ARM.Deploy.0 = Release|Any CPU
		{69E4FF78-C9B1-4F9D-94C2-79A217C85A55}.AppStore|iPhone.ActiveCfg = Release|Any CPU
		{69E4FF78-C9B1-4F9D-94C2-79A217C85A55}.AppStore|iPhone.Build.0 = Release|Any CPU
		{69E4FF78-C9B1-4F9D-94C2-79A217C85A55}.AppStore|iPhone.Deploy.0 = Release|Any CPU
		{69E4FF78-C9B1-4F9D-94C2-79A217C85A55}.AppStore|iPhoneSimulator.ActiveCfg = Release|Any CPU
		{69E4FF78-C9B1-4F9D-94C2-79A217C85A55}.AppStore|iPhoneSimulator.Build.0 = Release|Any CPU
		{69E4FF78-C9B1-4F9D-94C2-79A217C85A55}.AppStore|iPhoneSimulator.Deploy.0 = Release|Any CPU
		{69E4FF78-C9B1-4F9D-94C2-79A217C85A55}.AppStore|x64.ActiveCfg = Release|Any CPU
		{69E4FF78-C9B1-4F9D-94C2-79A217C85A55}.AppStore|x64.Build.0 = Release|Any CPU
		{69E4FF78-C9B1-4F9D-94C2-79A217C85A55}.AppStore|x64.Deploy.0 = Release|Any CPU
		{69E4FF78-C9B1-4F9D-94C2-79A217C85A55}.AppStore|x86.ActiveCfg = Release|Any CPU
		{69E4FF78-C9B1-4F9D-94C2-79A217C85A55}.AppStore|x86.Build.0 = Release|Any CPU
		{69E4FF78-C9B1-4F9D-94C2-79A217C85A55}.AppStore|x86.Deploy.0 = Release|Any CPU
		{69E4FF78-C9B1-4F9D-94C2-79A217C85A55}.Debug|Any CPU.ActiveCfg = Debug|Any CPU
		{69E4FF78-C9B1-4F9D-94C2-79A217C85A55}.Debug|Any CPU.Build.0 = Debug|Any CPU
		{69E4FF78-C9B1-4F9D-94C2-79A217C85A55}.Debug|Any CPU.Deploy.0 = Debug|Any CPU
		{69E4FF78-C9B1-4F9D-94C2-79A217C85A55}.Debug|ARM.ActiveCfg = Debug|Any CPU
		{69E4FF78-C9B1-4F9D-94C2-79A217C85A55}.Debug|ARM.Build.0 = Debug|Any CPU
		{69E4FF78-C9B1-4F9D-94C2-79A217C85A55}.Debug|ARM.Deploy.0 = Debug|Any CPU
		{69E4FF78-C9B1-4F9D-94C2-79A217C85A55}.Debug|iPhone.ActiveCfg = Debug|Any CPU
		{69E4FF78-C9B1-4F9D-94C2-79A217C85A55}.Debug|iPhone.Build.0 = Debug|Any CPU
		{69E4FF78-C9B1-4F9D-94C2-79A217C85A55}.Debug|iPhone.Deploy.0 = Debug|Any CPU
		{69E4FF78-C9B1-4F9D-94C2-79A217C85A55}.Debug|iPhoneSimulator.ActiveCfg = Debug|Any CPU
		{69E4FF78-C9B1-4F9D-94C2-79A217C85A55}.Debug|iPhoneSimulator.Build.0 = Debug|Any CPU
		{69E4FF78-C9B1-4F9D-94C2-79A217C85A55}.Debug|iPhoneSimulator.Deploy.0 = Debug|Any CPU
		{69E4FF78-C9B1-4F9D-94C2-79A217C85A55}.Debug|x64.ActiveCfg = Debug|Any CPU
		{69E4FF78-C9B1-4F9D-94C2-79A217C85A55}.Debug|x64.Build.0 = Debug|Any CPU
		{69E4FF78-C9B1-4F9D-94C2-79A217C85A55}.Debug|x64.Deploy.0 = Debug|Any CPU
		{69E4FF78-C9B1-4F9D-94C2-79A217C85A55}.Debug|x86.ActiveCfg = Debug|Any CPU
		{69E4FF78-C9B1-4F9D-94C2-79A217C85A55}.Debug|x86.Build.0 = Debug|Any CPU
		{69E4FF78-C9B1-4F9D-94C2-79A217C85A55}.Debug|x86.Deploy.0 = Debug|Any CPU
		{69E4FF78-C9B1-4F9D-94C2-79A217C85A55}.Release|Any CPU.ActiveCfg = Release|Any CPU
		{69E4FF78-C9B1-4F9D-94C2-79A217C85A55}.Release|Any CPU.Build.0 = Release|Any CPU
		{69E4FF78-C9B1-4F9D-94C2-79A217C85A55}.Release|Any CPU.Deploy.0 = Release|Any CPU
		{69E4FF78-C9B1-4F9D-94C2-79A217C85A55}.Release|ARM.ActiveCfg = Release|Any CPU
		{69E4FF78-C9B1-4F9D-94C2-79A217C85A55}.Release|ARM.Build.0 = Release|Any CPU
		{69E4FF78-C9B1-4F9D-94C2-79A217C85A55}.Release|ARM.Deploy.0 = Release|Any CPU
		{69E4FF78-C9B1-4F9D-94C2-79A217C85A55}.Release|iPhone.ActiveCfg = Release|Any CPU
		{69E4FF78-C9B1-4F9D-94C2-79A217C85A55}.Release|iPhone.Build.0 = Release|Any CPU
		{69E4FF78-C9B1-4F9D-94C2-79A217C85A55}.Release|iPhone.Deploy.0 = Release|Any CPU
		{69E4FF78-C9B1-4F9D-94C2-79A217C85A55}.Release|iPhoneSimulator.ActiveCfg = Release|Any CPU
		{69E4FF78-C9B1-4F9D-94C2-79A217C85A55}.Release|iPhoneSimulator.Build.0 = Release|Any CPU
		{69E4FF78-C9B1-4F9D-94C2-79A217C85A55}.Release|iPhoneSimulator.Deploy.0 = Release|Any CPU
		{69E4FF78-C9B1-4F9D-94C2-79A217C85A55}.Release|x64.ActiveCfg = Release|Any CPU
		{69E4FF78-C9B1-4F9D-94C2-79A217C85A55}.Release|x64.Build.0 = Release|Any CPU
		{69E4FF78-C9B1-4F9D-94C2-79A217C85A55}.Release|x64.Deploy.0 = Release|Any CPU
		{69E4FF78-C9B1-4F9D-94C2-79A217C85A55}.Release|x86.ActiveCfg = Release|Any CPU
		{69E4FF78-C9B1-4F9D-94C2-79A217C85A55}.Release|x86.Build.0 = Release|Any CPU
		{69E4FF78-C9B1-4F9D-94C2-79A217C85A55}.Release|x86.Deploy.0 = Release|Any CPU
		{D33653FF-CC2F-4537-AC66-5D6AC2F00ADD}.Ad-Hoc|Any CPU.ActiveCfg = Ad-Hoc|iPhone
		{D33653FF-CC2F-4537-AC66-5D6AC2F00ADD}.Ad-Hoc|ARM.ActiveCfg = Ad-Hoc|iPhone
		{D33653FF-CC2F-4537-AC66-5D6AC2F00ADD}.Ad-Hoc|iPhone.ActiveCfg = Ad-Hoc|iPhone
		{D33653FF-CC2F-4537-AC66-5D6AC2F00ADD}.Ad-Hoc|iPhone.Build.0 = Ad-Hoc|iPhone
		{D33653FF-CC2F-4537-AC66-5D6AC2F00ADD}.Ad-Hoc|iPhoneSimulator.ActiveCfg = Ad-Hoc|iPhoneSimulator
		{D33653FF-CC2F-4537-AC66-5D6AC2F00ADD}.Ad-Hoc|iPhoneSimulator.Build.0 = Ad-Hoc|iPhoneSimulator
		{D33653FF-CC2F-4537-AC66-5D6AC2F00ADD}.Ad-Hoc|x64.ActiveCfg = Ad-Hoc|iPhone
		{D33653FF-CC2F-4537-AC66-5D6AC2F00ADD}.Ad-Hoc|x86.ActiveCfg = Ad-Hoc|iPhone
		{D33653FF-CC2F-4537-AC66-5D6AC2F00ADD}.AppStore|Any CPU.ActiveCfg = AppStore|iPhone
		{D33653FF-CC2F-4537-AC66-5D6AC2F00ADD}.AppStore|ARM.ActiveCfg = AppStore|iPhone
		{D33653FF-CC2F-4537-AC66-5D6AC2F00ADD}.AppStore|iPhone.ActiveCfg = AppStore|iPhone
		{D33653FF-CC2F-4537-AC66-5D6AC2F00ADD}.AppStore|iPhone.Build.0 = AppStore|iPhone
		{D33653FF-CC2F-4537-AC66-5D6AC2F00ADD}.AppStore|iPhoneSimulator.ActiveCfg = AppStore|iPhoneSimulator
		{D33653FF-CC2F-4537-AC66-5D6AC2F00ADD}.AppStore|iPhoneSimulator.Build.0 = AppStore|iPhoneSimulator
		{D33653FF-CC2F-4537-AC66-5D6AC2F00ADD}.AppStore|x64.ActiveCfg = AppStore|iPhone
		{D33653FF-CC2F-4537-AC66-5D6AC2F00ADD}.AppStore|x86.ActiveCfg = AppStore|iPhone
		{D33653FF-CC2F-4537-AC66-5D6AC2F00ADD}.Debug|Any CPU.ActiveCfg = Debug|iPhone
		{D33653FF-CC2F-4537-AC66-5D6AC2F00ADD}.Debug|ARM.ActiveCfg = Debug|iPhone
		{D33653FF-CC2F-4537-AC66-5D6AC2F00ADD}.Debug|iPhone.ActiveCfg = Debug|iPhone
		{D33653FF-CC2F-4537-AC66-5D6AC2F00ADD}.Debug|iPhone.Build.0 = Debug|iPhone
		{D33653FF-CC2F-4537-AC66-5D6AC2F00ADD}.Debug|iPhoneSimulator.ActiveCfg = Debug|iPhoneSimulator
		{D33653FF-CC2F-4537-AC66-5D6AC2F00ADD}.Debug|iPhoneSimulator.Build.0 = Debug|iPhoneSimulator
		{D33653FF-CC2F-4537-AC66-5D6AC2F00ADD}.Debug|x64.ActiveCfg = Debug|iPhone
		{D33653FF-CC2F-4537-AC66-5D6AC2F00ADD}.Debug|x86.ActiveCfg = Debug|iPhone
		{D33653FF-CC2F-4537-AC66-5D6AC2F00ADD}.Release|Any CPU.ActiveCfg = Release|iPhone
		{D33653FF-CC2F-4537-AC66-5D6AC2F00ADD}.Release|ARM.ActiveCfg = Release|iPhone
		{D33653FF-CC2F-4537-AC66-5D6AC2F00ADD}.Release|iPhone.ActiveCfg = Release|iPhone
		{D33653FF-CC2F-4537-AC66-5D6AC2F00ADD}.Release|iPhone.Build.0 = Release|iPhone
		{D33653FF-CC2F-4537-AC66-5D6AC2F00ADD}.Release|iPhoneSimulator.ActiveCfg = Release|iPhoneSimulator
		{D33653FF-CC2F-4537-AC66-5D6AC2F00ADD}.Release|iPhoneSimulator.Build.0 = Release|iPhoneSimulator
		{D33653FF-CC2F-4537-AC66-5D6AC2F00ADD}.Release|x64.ActiveCfg = Release|iPhone
		{D33653FF-CC2F-4537-AC66-5D6AC2F00ADD}.Release|x86.ActiveCfg = Release|iPhone
		{14BBCDF6-38E7-4463-B0F4-A8470C0EE18A}.Ad-Hoc|Any CPU.ActiveCfg = Release|x86
		{14BBCDF6-38E7-4463-B0F4-A8470C0EE18A}.Ad-Hoc|Any CPU.Build.0 = Release|x86
		{14BBCDF6-38E7-4463-B0F4-A8470C0EE18A}.Ad-Hoc|Any CPU.Deploy.0 = Release|x86
		{14BBCDF6-38E7-4463-B0F4-A8470C0EE18A}.Ad-Hoc|ARM.ActiveCfg = Release|ARM
		{14BBCDF6-38E7-4463-B0F4-A8470C0EE18A}.Ad-Hoc|ARM.Build.0 = Release|ARM
		{14BBCDF6-38E7-4463-B0F4-A8470C0EE18A}.Ad-Hoc|ARM.Deploy.0 = Release|ARM
		{14BBCDF6-38E7-4463-B0F4-A8470C0EE18A}.Ad-Hoc|iPhone.ActiveCfg = Release|x86
		{14BBCDF6-38E7-4463-B0F4-A8470C0EE18A}.Ad-Hoc|iPhone.Build.0 = Release|x86
		{14BBCDF6-38E7-4463-B0F4-A8470C0EE18A}.Ad-Hoc|iPhone.Deploy.0 = Release|x86
		{14BBCDF6-38E7-4463-B0F4-A8470C0EE18A}.Ad-Hoc|iPhoneSimulator.ActiveCfg = Release|x86
		{14BBCDF6-38E7-4463-B0F4-A8470C0EE18A}.Ad-Hoc|iPhoneSimulator.Build.0 = Release|x86
		{14BBCDF6-38E7-4463-B0F4-A8470C0EE18A}.Ad-Hoc|iPhoneSimulator.Deploy.0 = Release|x86
		{14BBCDF6-38E7-4463-B0F4-A8470C0EE18A}.Ad-Hoc|x64.ActiveCfg = Release|x64
		{14BBCDF6-38E7-4463-B0F4-A8470C0EE18A}.Ad-Hoc|x64.Build.0 = Release|x64
		{14BBCDF6-38E7-4463-B0F4-A8470C0EE18A}.Ad-Hoc|x64.Deploy.0 = Release|x64
		{14BBCDF6-38E7-4463-B0F4-A8470C0EE18A}.Ad-Hoc|x86.ActiveCfg = Release|x86
		{14BBCDF6-38E7-4463-B0F4-A8470C0EE18A}.Ad-Hoc|x86.Build.0 = Release|x86
		{14BBCDF6-38E7-4463-B0F4-A8470C0EE18A}.Ad-Hoc|x86.Deploy.0 = Release|x86
		{14BBCDF6-38E7-4463-B0F4-A8470C0EE18A}.AppStore|Any CPU.ActiveCfg = Release|x86
		{14BBCDF6-38E7-4463-B0F4-A8470C0EE18A}.AppStore|Any CPU.Build.0 = Release|x86
		{14BBCDF6-38E7-4463-B0F4-A8470C0EE18A}.AppStore|Any CPU.Deploy.0 = Release|x86
		{14BBCDF6-38E7-4463-B0F4-A8470C0EE18A}.AppStore|ARM.ActiveCfg = Release|ARM
		{14BBCDF6-38E7-4463-B0F4-A8470C0EE18A}.AppStore|ARM.Build.0 = Release|ARM
		{14BBCDF6-38E7-4463-B0F4-A8470C0EE18A}.AppStore|ARM.Deploy.0 = Release|ARM
		{14BBCDF6-38E7-4463-B0F4-A8470C0EE18A}.AppStore|iPhone.ActiveCfg = Release|x86
		{14BBCDF6-38E7-4463-B0F4-A8470C0EE18A}.AppStore|iPhone.Build.0 = Release|x86
		{14BBCDF6-38E7-4463-B0F4-A8470C0EE18A}.AppStore|iPhone.Deploy.0 = Release|x86
		{14BBCDF6-38E7-4463-B0F4-A8470C0EE18A}.AppStore|iPhoneSimulator.ActiveCfg = Release|x86
		{14BBCDF6-38E7-4463-B0F4-A8470C0EE18A}.AppStore|iPhoneSimulator.Build.0 = Release|x86
		{14BBCDF6-38E7-4463-B0F4-A8470C0EE18A}.AppStore|iPhoneSimulator.Deploy.0 = Release|x86
		{14BBCDF6-38E7-4463-B0F4-A8470C0EE18A}.AppStore|x64.ActiveCfg = Release|x64
		{14BBCDF6-38E7-4463-B0F4-A8470C0EE18A}.AppStore|x64.Build.0 = Release|x64
		{14BBCDF6-38E7-4463-B0F4-A8470C0EE18A}.AppStore|x64.Deploy.0 = Release|x64
		{14BBCDF6-38E7-4463-B0F4-A8470C0EE18A}.AppStore|x86.ActiveCfg = Release|x86
		{14BBCDF6-38E7-4463-B0F4-A8470C0EE18A}.AppStore|x86.Build.0 = Release|x86
		{14BBCDF6-38E7-4463-B0F4-A8470C0EE18A}.AppStore|x86.Deploy.0 = Release|x86
		{14BBCDF6-38E7-4463-B0F4-A8470C0EE18A}.Debug|Any CPU.ActiveCfg = Debug|x86
		{14BBCDF6-38E7-4463-B0F4-A8470C0EE18A}.Debug|ARM.ActiveCfg = Debug|ARM
		{14BBCDF6-38E7-4463-B0F4-A8470C0EE18A}.Debug|ARM.Build.0 = Debug|ARM
		{14BBCDF6-38E7-4463-B0F4-A8470C0EE18A}.Debug|ARM.Deploy.0 = Debug|ARM
		{14BBCDF6-38E7-4463-B0F4-A8470C0EE18A}.Debug|iPhone.ActiveCfg = Debug|x86
		{14BBCDF6-38E7-4463-B0F4-A8470C0EE18A}.Debug|iPhoneSimulator.ActiveCfg = Debug|x86
		{14BBCDF6-38E7-4463-B0F4-A8470C0EE18A}.Debug|x64.ActiveCfg = Debug|x64
		{14BBCDF6-38E7-4463-B0F4-A8470C0EE18A}.Debug|x64.Build.0 = Debug|x64
		{14BBCDF6-38E7-4463-B0F4-A8470C0EE18A}.Debug|x64.Deploy.0 = Debug|x64
		{14BBCDF6-38E7-4463-B0F4-A8470C0EE18A}.Debug|x86.ActiveCfg = Debug|x86
		{14BBCDF6-38E7-4463-B0F4-A8470C0EE18A}.Debug|x86.Build.0 = Debug|x86
		{14BBCDF6-38E7-4463-B0F4-A8470C0EE18A}.Debug|x86.Deploy.0 = Debug|x86
		{14BBCDF6-38E7-4463-B0F4-A8470C0EE18A}.Release|Any CPU.ActiveCfg = Release|x86
		{14BBCDF6-38E7-4463-B0F4-A8470C0EE18A}.Release|ARM.ActiveCfg = Release|ARM
		{14BBCDF6-38E7-4463-B0F4-A8470C0EE18A}.Release|ARM.Build.0 = Release|ARM
		{14BBCDF6-38E7-4463-B0F4-A8470C0EE18A}.Release|ARM.Deploy.0 = Release|ARM
		{14BBCDF6-38E7-4463-B0F4-A8470C0EE18A}.Release|iPhone.ActiveCfg = Release|x86
		{14BBCDF6-38E7-4463-B0F4-A8470C0EE18A}.Release|iPhoneSimulator.ActiveCfg = Release|x86
		{14BBCDF6-38E7-4463-B0F4-A8470C0EE18A}.Release|x64.ActiveCfg = Release|x64
		{14BBCDF6-38E7-4463-B0F4-A8470C0EE18A}.Release|x64.Build.0 = Release|x64
		{14BBCDF6-38E7-4463-B0F4-A8470C0EE18A}.Release|x64.Deploy.0 = Release|x64
		{14BBCDF6-38E7-4463-B0F4-A8470C0EE18A}.Release|x86.ActiveCfg = Release|x86
		{14BBCDF6-38E7-4463-B0F4-A8470C0EE18A}.Release|x86.Build.0 = Release|x86
		{14BBCDF6-38E7-4463-B0F4-A8470C0EE18A}.Release|x86.Deploy.0 = Release|x86
		{3C9A135C-4645-48A3-ADF2-17017E3E6BCF}.Ad-Hoc|Any CPU.ActiveCfg = Debug|Any CPU
		{3C9A135C-4645-48A3-ADF2-17017E3E6BCF}.Ad-Hoc|Any CPU.Build.0 = Debug|Any CPU
		{3C9A135C-4645-48A3-ADF2-17017E3E6BCF}.Ad-Hoc|ARM.ActiveCfg = Debug|Any CPU
		{3C9A135C-4645-48A3-ADF2-17017E3E6BCF}.Ad-Hoc|ARM.Build.0 = Debug|Any CPU
		{3C9A135C-4645-48A3-ADF2-17017E3E6BCF}.Ad-Hoc|iPhone.ActiveCfg = Debug|Any CPU
		{3C9A135C-4645-48A3-ADF2-17017E3E6BCF}.Ad-Hoc|iPhone.Build.0 = Debug|Any CPU
		{3C9A135C-4645-48A3-ADF2-17017E3E6BCF}.Ad-Hoc|iPhoneSimulator.ActiveCfg = Debug|Any CPU
		{3C9A135C-4645-48A3-ADF2-17017E3E6BCF}.Ad-Hoc|iPhoneSimulator.Build.0 = Debug|Any CPU
		{3C9A135C-4645-48A3-ADF2-17017E3E6BCF}.Ad-Hoc|x64.ActiveCfg = Debug|Any CPU
		{3C9A135C-4645-48A3-ADF2-17017E3E6BCF}.Ad-Hoc|x64.Build.0 = Debug|Any CPU
		{3C9A135C-4645-48A3-ADF2-17017E3E6BCF}.Ad-Hoc|x86.ActiveCfg = Debug|Any CPU
		{3C9A135C-4645-48A3-ADF2-17017E3E6BCF}.Ad-Hoc|x86.Build.0 = Debug|Any CPU
		{3C9A135C-4645-48A3-ADF2-17017E3E6BCF}.AppStore|Any CPU.ActiveCfg = Debug|Any CPU
		{3C9A135C-4645-48A3-ADF2-17017E3E6BCF}.AppStore|Any CPU.Build.0 = Debug|Any CPU
		{3C9A135C-4645-48A3-ADF2-17017E3E6BCF}.AppStore|ARM.ActiveCfg = Debug|Any CPU
		{3C9A135C-4645-48A3-ADF2-17017E3E6BCF}.AppStore|ARM.Build.0 = Debug|Any CPU
		{3C9A135C-4645-48A3-ADF2-17017E3E6BCF}.AppStore|iPhone.ActiveCfg = Debug|Any CPU
		{3C9A135C-4645-48A3-ADF2-17017E3E6BCF}.AppStore|iPhone.Build.0 = Debug|Any CPU
		{3C9A135C-4645-48A3-ADF2-17017E3E6BCF}.AppStore|iPhoneSimulator.ActiveCfg = Debug|Any CPU
		{3C9A135C-4645-48A3-ADF2-17017E3E6BCF}.AppStore|iPhoneSimulator.Build.0 = Debug|Any CPU
		{3C9A135C-4645-48A3-ADF2-17017E3E6BCF}.AppStore|x64.ActiveCfg = Debug|Any CPU
		{3C9A135C-4645-48A3-ADF2-17017E3E6BCF}.AppStore|x64.Build.0 = Debug|Any CPU
		{3C9A135C-4645-48A3-ADF2-17017E3E6BCF}.AppStore|x86.ActiveCfg = Debug|Any CPU
		{3C9A135C-4645-48A3-ADF2-17017E3E6BCF}.AppStore|x86.Build.0 = Debug|Any CPU
		{3C9A135C-4645-48A3-ADF2-17017E3E6BCF}.Debug|Any CPU.ActiveCfg = Debug|Any CPU
		{3C9A135C-4645-48A3-ADF2-17017E3E6BCF}.Debug|Any CPU.Build.0 = Debug|Any CPU
		{3C9A135C-4645-48A3-ADF2-17017E3E6BCF}.Debug|ARM.ActiveCfg = Debug|Any CPU
		{3C9A135C-4645-48A3-ADF2-17017E3E6BCF}.Debug|ARM.Build.0 = Debug|Any CPU
		{3C9A135C-4645-48A3-ADF2-17017E3E6BCF}.Debug|iPhone.ActiveCfg = Debug|Any CPU
		{3C9A135C-4645-48A3-ADF2-17017E3E6BCF}.Debug|iPhone.Build.0 = Debug|Any CPU
		{3C9A135C-4645-48A3-ADF2-17017E3E6BCF}.Debug|iPhoneSimulator.ActiveCfg = Debug|Any CPU
		{3C9A135C-4645-48A3-ADF2-17017E3E6BCF}.Debug|iPhoneSimulator.Build.0 = Debug|Any CPU
		{3C9A135C-4645-48A3-ADF2-17017E3E6BCF}.Debug|x64.ActiveCfg = Debug|Any CPU
		{3C9A135C-4645-48A3-ADF2-17017E3E6BCF}.Debug|x64.Build.0 = Debug|Any CPU
		{3C9A135C-4645-48A3-ADF2-17017E3E6BCF}.Debug|x86.ActiveCfg = Debug|Any CPU
		{3C9A135C-4645-48A3-ADF2-17017E3E6BCF}.Debug|x86.Build.0 = Debug|Any CPU
		{3C9A135C-4645-48A3-ADF2-17017E3E6BCF}.Release|Any CPU.ActiveCfg = Release|Any CPU
		{3C9A135C-4645-48A3-ADF2-17017E3E6BCF}.Release|Any CPU.Build.0 = Release|Any CPU
		{3C9A135C-4645-48A3-ADF2-17017E3E6BCF}.Release|ARM.ActiveCfg = Release|Any CPU
		{3C9A135C-4645-48A3-ADF2-17017E3E6BCF}.Release|ARM.Build.0 = Release|Any CPU
		{3C9A135C-4645-48A3-ADF2-17017E3E6BCF}.Release|iPhone.ActiveCfg = Release|Any CPU
		{3C9A135C-4645-48A3-ADF2-17017E3E6BCF}.Release|iPhone.Build.0 = Release|Any CPU
		{3C9A135C-4645-48A3-ADF2-17017E3E6BCF}.Release|iPhoneSimulator.ActiveCfg = Release|Any CPU
		{3C9A135C-4645-48A3-ADF2-17017E3E6BCF}.Release|iPhoneSimulator.Build.0 = Release|Any CPU
		{3C9A135C-4645-48A3-ADF2-17017E3E6BCF}.Release|x64.ActiveCfg = Release|Any CPU
		{3C9A135C-4645-48A3-ADF2-17017E3E6BCF}.Release|x64.Build.0 = Release|Any CPU
		{3C9A135C-4645-48A3-ADF2-17017E3E6BCF}.Release|x86.ActiveCfg = Release|Any CPU
		{3C9A135C-4645-48A3-ADF2-17017E3E6BCF}.Release|x86.Build.0 = Release|Any CPU
	EndGlobalSection
	GlobalSection(SolutionProperties) = preSolution
		HideSolutionNode = FALSE
	EndGlobalSection
	GlobalSection(ExtensibilityGlobals) = postSolution
		SolutionGuid = {AA0CE73C-6F30-4869-B0B3-FEB66D317A44}
	EndGlobalSection
EndGlobal
